<?xml version="1.0" encoding="utf-8"?>
<Project ToolsVersion="4.0" xmlns="http://schemas.microsoft.com/developer/msbuild/2003">
  <ItemGroup>
    <ClCompile Include="collision_utils.c" />
    <ClCompile Include="game.c" />
    <ClCompile Include="levelboss.c" />
    <ClCompile Include="levelone.c" />
    <ClCompile Include="levelthree.c" />
    <ClCompile Include="leveltwo.c" />
    <ClCompile Include="main.c" />
    <ClCompile Include="mainmenu.c" />
    <ClCompile Include="movement.c" />
    <ClCompile Include="utils.c" />
    <ClCompile Include="enemy.c" />
    <ClCompile Include="collisionlib.c" />
    <ClCompile Include="credit.c" />
    <ClCompile Include="InitialSplash.h" />
    <ClCompile Include="InitialSplash.c" />
  </ItemGroup>
  <ItemGroup>
    <ClInclude Include="collision_utils.h" />
    <ClInclude Include="game.h" />
    <ClInclude Include="levelboss.h" />
    <ClInclude Include="movement.h" />
    <ClInclude Include="levelone.h" />
    <ClInclude Include="levelthree.h" />
    <ClInclude Include="mainmenu.h" />
    <ClInclude Include="utils.h" />
    <ClInclude Include="enemy.h" />
    <ClInclude Include="structs.h" />
    <ClInclude Include="collisionlib.h" />
    <ClInclude Include="credit.h" />
  </ItemGroup>
</Project>